
Microsoft Visual Studio Solution File, Format Version 12.00
# Visual Studio Version 16
VisualStudioVersion = 16.0.31129.286
MinimumVisualStudioVersion = 10.0.40219.1
Project("{FAE04EC0-301F-11D3-BF4B-00C04F79EFBC}") = "AppD365Connection", "AppD365Connection\AppD365Connection.csproj", "{82075825-0228-4A56-804F-D3BBC61679C6}"
EndProject
Global
	GlobalSection(SolutionConfigurationPlatforms) = preSolution
		Debug|Any CPU = Debug|Any CPU
		Release|Any CPU = Release|Any CPU
	EndGlobalSection
	GlobalSection(ProjectConfigurationPlatforms) = postSolution
		{82075825-0228-4A56-804F-D3BBC61679C6}.Debug|Any CPU.ActiveCfg = Debug|Any CPU
		{82075825-0228-4A56-804F-D3BBC61679C6}.Debug|Any CPU.Build.0 = Debug|Any CPU
		{82075825-0228-4A56-804F-D3BBC61679C6}.Release|Any CPU.ActiveCfg = Release|Any CPU
		{82075825-0228-4A56-804F-D3BBC61679C6}.Release|Any CPU.Build.0 = Release|Any CPU
	EndGlobalSection
	GlobalSection(SolutionProperties) = preSolution
		HideSolutionNode = FALSE
	EndGlobalSection
	GlobalSection(ExtensibilityGlobals) = postSolution
		SolutionGuid = {B697D598-0CED-4155-828E-5750F20B0717}
	EndGlobalSection
EndGlobal
